
Microsoft Visual Studio Solution File, Format Version 12.00
# Visual Studio Version 17
VisualStudioVersion = 17.14.36908.2 d17.14
MinimumVisualStudioVersion = 10.0.40219.1
Project("{8BC9CEB8-8B4A-11D0-8D11-00A0C91BC942}") = "0331", "0331\0331.vcxproj", "{816FF6A9-208D-4504-B2A9-CBC089E6F197}"
EndProject
Global
	GlobalSection(SolutionConfigurationPlatforms) = preSolution
		Debug|x64 = Debug|x64
		Debug|x86 = Debug|x86
		Release|x64 = Release|x64
		Release|x86 = Release|x86
	EndGlobalSection
	GlobalSection(ProjectConfigurationPlatforms) = postSolution
		{816FF6A9-208D-4504-B2A9-CBC089E6F197}.Debug|x64.ActiveCfg = Debug|x64
		{816FF6A9-208D-4504-B2A9-CBC089E6F197}.Debug|x64.Build.0 = Debug|x64
		{816FF6A9-208D-4504-B2A9-CBC089E6F197}.Debug|x86.ActiveCfg = Debug|Win32
		{816FF6A9-208D-4504-B2A9-CBC089E6F197}.Debug|x86.Build.0 = Debug|Win32
		{816FF6A9-208D-4504-B2A9-CBC089E6F197}.Release|x64.ActiveCfg = Release|x64
		{816FF6A9-208D-4504-B2A9-CBC089E6F197}.Release|x64.Build.0 = Release|x64
		{816FF6A9-208D-4504-B2A9-CBC089E6F197}.Release|x86.ActiveCfg = Release|Win32
		{816FF6A9-208D-4504-B2A9-CBC089E6F197}.Release|x86.Build.0 = Release|Win32
	EndGlobalSection
	GlobalSection(SolutionProperties) = preSolution
		HideSolutionNode = FALSE
	EndGlobalSection
	GlobalSection(ExtensibilityGlobals) = postSolution
		SolutionGuid = {AC290A9D-D3CD-4AC1-B00F-E5DAACFBDE26}
	EndGlobalSection
EndGlobal
